
Microsoft Visual Studio Solution File, Format Version 12.00
# Visual Studio 14
VisualStudioVersion = 14.0.25123.0
MinimumVisualStudioVersion = 10.0.40219.1
Project("{8BC9CEB8-8B4A-11D0-8D11-00A0C91BC942}") = "1_1", "1_1\1_1.vcxproj", "{B68AFD95-A2C6-4BEA-AA01-2B682F6ACA4B}"
EndProject
Project("{8BC9CEB8-8B4A-11D0-8D11-00A0C91BC942}") = "1_2", "1_2\1_2.vcxproj", "{ABBB713B-FEBF-4A42-9EF2-CA6D767B333B}"
EndProject
Project("{8BC9CEB8-8B4A-11D0-8D11-00A0C91BC942}") = "1_3", "1_3\1_3.vcxproj", "{EE5F6522-FB54-4BFF-A465-DF78CABB5A93}"
EndProject
Project("{8BC9CEB8-8B4A-11D0-8D11-00A0C91BC942}") = "1_4", "1_4\1_4.vcxproj", "{4637C4F2-6EDF-46BB-8EC5-C785B9E28F35}"
EndProject
Project("{8BC9CEB8-8B4A-11D0-8D11-00A0C91BC942}") = "1_5", "1_5\1_5.vcxproj", "{CD34E8A9-4BBF-4C0D-BE87-A91C19C043FB}"
EndProject
Project("{8BC9CEB8-8B4A-11D0-8D11-00A0C91BC942}") = "1_6", "1_6\1_6.vcxproj", "{6E3EF876-101C-43A0-B291-F04AFEC0ED99}"
EndProject
Project("{8BC9CEB8-8B4A-11D0-8D11-00A0C91BC942}") = "1_7", "1_7\1_7.vcxproj", "{47AE0C79-64D3-4DA3-AEC8-815B0F9952D3}"
EndProject
Project("{8BC9CEB8-8B4A-11D0-8D11-00A0C91BC942}") = "1_8", "1_8\1_8.vcxproj", "{C16D30B2-C066-46B3-B676-BE9580092328}"
EndProject
Project("{8BC9CEB8-8B4A-11D0-8D11-00A0C91BC942}") = "1_9", "1_9\1_9.vcxproj", "{709CEF6A-0633-4268-990A-66369D3EDD17}"
EndProject
Project("{8BC9CEB8-8B4A-11D0-8D11-00A0C91BC942}") = "1_10", "1_10\1_10.vcxproj", "{3B4BCBB8-C255-48A0-A32B-65F0A916591A}"
EndProject
Global
	GlobalSection(SolutionConfigurationPlatforms) = preSolution
		Debug|x64 = Debug|x64
		Debug|x86 = Debug|x86
		Release|x64 = Release|x64
		Release|x86 = Release|x86
	EndGlobalSection
	GlobalSection(ProjectConfigurationPlatforms) = postSolution
		{B68AFD95-A2C6-4BEA-AA01-2B682F6ACA4B}.Debug|x64.ActiveCfg = Debug|x64
		{B68AFD95-A2C6-4BEA-AA01-2B682F6ACA4B}.Debug|x64.Build.0 = Debug|x64
		{B68AFD95-A2C6-4BEA-AA01-2B682F6ACA4B}.Debug|x86.ActiveCfg = Debug|Win32
		{B68AFD95-A2C6-4BEA-AA01-2B682F6ACA4B}.Debug|x86.Build.0 = Debug|Win32
		{B68AFD95-A2C6-4BEA-AA01-2B682F6ACA4B}.Release|x64.ActiveCfg = Release|x64
		{B68AFD95-A2C6-4BEA-AA01-2B682F6ACA4B}.Release|x64.Build.0 = Release|x64
		{B68AFD95-A2C6-4BEA-AA01-2B682F6ACA4B}.Release|x86.ActiveCfg = Release|Win32
		{B68AFD95-A2C6-4BEA-AA01-2B682F6ACA4B}.Release|x86.Build.0 = Release|Win32
		{ABBB713B-FEBF-4A42-9EF2-CA6D767B333B}.Debug|x64.ActiveCfg = Debug|x64
		{ABBB713B-FEBF-4A42-9EF2-CA6D767B333B}.Debug|x64.Build.0 = Debug|x64
		{ABBB713B-FEBF-4A42-9EF2-CA6D767B333B}.Debug|x86.ActiveCfg = Debug|Win32
		{ABBB713B-FEBF-4A42-9EF2-CA6D767B333B}.Debug|x86.Build.0 = Debug|Win32
		{ABBB713B-FEBF-4A42-9EF2-CA6D767B333B}.Release|x64.ActiveCfg = Release|x64
		{ABBB713B-FEBF-4A42-9EF2-CA6D767B333B}.Release|x64.Build.0 = Release|x64
		{ABBB713B-FEBF-4A42-9EF2-CA6D767B333B}.Release|x86.ActiveCfg = Release|Win32
		{ABBB713B-FEBF-4A42-9EF2-CA6D767B333B}.Release|x86.Build.0 = Release|Win32
		{EE5F6522-FB54-4BFF-A465-DF78CABB5A93}.Debug|x64.ActiveCfg = Debug|x64
		{EE5F6522-FB54-4BFF-A465-DF78CABB5A93}.Debug|x64.Build.0 = Debug|x64
		{EE5F6522-FB54-4BFF-A465-DF78CABB5A93}.Debug|x86.ActiveCfg = Debug|Win32
		{EE5F6522-FB54-4BFF-A465-DF78CABB5A93}.Debug|x86.Build.0 = Debug|Win32
		{EE5F6522-FB54-4BFF-A465-DF78CABB5A93}.Release|x64.ActiveCfg = Release|x64
		{EE5F6522-FB54-4BFF-A465-DF78CABB5A93}.Release|x64.Build.0 = Release|x64
		{EE5F6522-FB54-4BFF-A465-DF78CABB5A93}.Release|x86.ActiveCfg = Release|Win32
		{EE5F6522-FB54-4BFF-A465-DF78CABB5A93}.Release|x86.Build.0 = Release|Win32
		{4637C4F2-6EDF-46BB-8EC5-C785B9E28F35}.Debug|x64.ActiveCfg = Debug|x64
		{4637C4F2-6EDF-46BB-8EC5-C785B9E28F35}.Debug|x64.Build.0 = Debug|x64
		{4637C4F2-6EDF-46BB-8EC5-C785B9E28F35}.Debug|x86.ActiveCfg = Debug|Win32
		{4637C4F2-6EDF-46BB-8EC5-C785B9E28F35}.Debug|x86.Build.0 = Debug|Win32
		{4637C4F2-6EDF-46BB-8EC5-C785B9E28F35}.Release|x64.ActiveCfg = Release|x64
		{4637C4F2-6EDF-46BB-8EC5-C785B9E28F35}.Release|x64.Build.0 = Release|x64
		{4637C4F2-6EDF-46BB-8EC5-C785B9E28F35}.Release|x86.ActiveCfg = Release|Win32
		{4637C4F2-6EDF-46BB-8EC5-C785B9E28F35}.Release|x86.Build.0 = Release|Win32
		{CD34E8A9-4BBF-4C0D-BE87-A91C19C043FB}.Debug|x64.ActiveCfg = Debug|x64
		{CD34E8A9-4BBF-4C0D-BE87-A91C19C043FB}.Debug|x64.Build.0 = Debug|x64
		{CD34E8A9-4BBF-4C0D-BE87-A91C19C043FB}.Debug|x86.ActiveCfg = Debug|Win32
		{CD34E8A9-4BBF-4C0D-BE87-A91C19C043FB}.Debug|x86.Build.0 = Debug|Win32
		{CD34E8A9-4BBF-4C0D-BE87-A91C19C043FB}.Release|x64.ActiveCfg = Release|x64
		{CD34E8A9-4BBF-4C0D-BE87-A91C19C043FB}.Release|x64.Build.0 = Release|x64
		{CD34E8A9-4BBF-4C0D-BE87-A91C19C043FB}.Release|x86.ActiveCfg = Release|Win32
		{CD34E8A9-4BBF-4C0D-BE87-A91C19C043FB}.Release|x86.Build.0 = Release|Win32
		{6E3EF876-101C-43A0-B291-F04AFEC0ED99}.Debug|x64.ActiveCfg = Debug|x64
		{6E3EF876-101C-43A0-B291-F04AFEC0ED99}.Debug|x64.Build.0 = Debug|x64
		{6E3EF876-101C-43A0-B291-F04AFEC0ED99}.Debug|x86.ActiveCfg = Debug|Win32
		{6E3EF876-101C-43A0-B291-F04AFEC0ED99}.Debug|x86.Build.0 = Debug|Win32
		{6E3EF876-101C-43A0-B291-F04AFEC0ED99}.Release|x64.ActiveCfg = Release|x64
		{6E3EF876-101C-43A0-B291-F04AFEC0ED99}.Release|x64.Build.0 = Release|x64
		{6E3EF876-101C-43A0-B291-F04AFEC0ED99}.Release|x86.ActiveCfg = Release|Win32
		{6E3EF876-101C-43A0-B291-F04AFEC0ED99}.Release|x86.Build.0 = Release|Win32
		{47AE0C79-64D3-4DA3-AEC8-815B0F9952D3}.Debug|x64.ActiveCfg = Debug|x64
		{47AE0C79-64D3-4DA3-AEC8-815B0F9952D3}.Debug|x64.Build.0 = Debug|x64
		{47AE0C79-64D3-4DA3-AEC8-815B0F9952D3}.Debug|x86.ActiveCfg = Debug|Win32
		{47AE0C79-64D3-4DA3-AEC8-815B0F9952D3}.Debug|x86.Build.0 = Debug|Win32
		{47AE0C79-64D3-4DA3-AEC8-815B0F9952D3}.Release|x64.ActiveCfg = Release|x64
		{47AE0C79-64D3-4DA3-AEC8-815B0F9952D3}.Release|x64.Build.0 = Release|x64
		{47AE0C79-64D3-4DA3-AEC8-815B0F9952D3}.Release|x86.ActiveCfg = Release|Win32
		{47AE0C79-64D3-4DA3-AEC8-815B0F9952D3}.Release|x86.Build.0 = Release|Win32
		{C16D30B2-C066-46B3-B676-BE9580092328}.Debug|x64.ActiveCfg = Debug|x64
		{C16D30B2-C066-46B3-B676-BE9580092328}.Debug|x64.Build.0 = Debug|x64
		{C16D30B2-C066-46B3-B676-BE9580092328}.Debug|x86.ActiveCfg = Debug|Win32
		{C16D30B2-C066-46B3-B676-BE9580092328}.Debug|x86.Build.0 = Debug|Win32
		{C16D30B2-C066-46B3-B676-BE9580092328}.Release|x64.ActiveCfg = Release|x64
		{C16D30B2-C066-46B3-B676-BE9580092328}.Release|x64.Build.0 = Release|x64
		{C16D30B2-C066-46B3-B676-BE9580092328}.Release|x86.ActiveCfg = Release|Win32
		{C16D30B2-C066-46B3-B676-BE9580092328}.Release|x86.Build.0 = Release|Win32
		{709CEF6A-0633-4268-990A-66369D3EDD17}.Debug|x64.ActiveCfg = Debug|x64
		{709CEF6A-0633-4268-990A-66369D3EDD17}.Debug|x64.Build.0 = Debug|x64
		{709CEF6A-0633-4268-990A-66369D3EDD17}.Debug|x86.ActiveCfg = Debug|Win32
		{709CEF6A-0633-4268-990A-66369D3EDD17}.Debug|x86.Build.0 = Debug|Win32
		{709CEF6A-0633-4268-990A-66369D3EDD17}.Release|x64.ActiveCfg = Release|x64
		{709CEF6A-0633-4268-990A-66369D3EDD17}.Release|x64.Build.0 = Release|x64
		{709CEF6A-0633-4268-990A-66369D3EDD17}.Release|x86.ActiveCfg = Release|Win32
		{709CEF6A-0633-4268-990A-66369D3EDD17}.Release|x86.Build.0 = Release|Win32
		{3B4BCBB8-C255-48A0-A32B-65F0A916591A}.Debug|x64.ActiveCfg = Debug|x64
		{3B4BCBB8-C255-48A0-A32B-65F0A916591A}.Debug|x64.Build.0 = Debug|x64
		{3B4BCBB8-C255-48A0-A32B-65F0A916591A}.Debug|x86.ActiveCfg = Debug|Win32
		{3B4BCBB8-C255-48A0-A32B-65F0A916591A}.Debug|x86.Build.0 = Debug|Win32
		{3B4BCBB8-C255-48A0-A32B-65F0A916591A}.Release|x64.ActiveCfg = Release|x64
		{3B4BCBB8-C255-48A0-A32B-65F0A916591A}.Release|x64.Build.0 = Release|x64
		{3B4BCBB8-C255-48A0-A32B-65F0A916591A}.Release|x86.ActiveCfg = Release|Win32
		{3B4BCBB8-C255-48A0-A32B-65F0A916591A}.Release|x86.Build.0 = Release|Win32
	EndGlobalSection
	GlobalSection(SolutionProperties) = preSolution
		HideSolutionNode = FALSE
	EndGlobalSection
EndGlobal
