
Microsoft Visual Studio Solution File, Format Version 12.00
# Visual Studio 14
VisualStudioVersion = 14.0.25123.0
MinimumVisualStudioVersion = 10.0.40219.1
Project("{8BC9CEB8-8B4A-11D0-8D11-00A0C91BC942}") = "2_1", "2_1\2_1.vcxproj", "{F9E4D3AE-0983-429D-A528-A662ECA42781}"
EndProject
Project("{8BC9CEB8-8B4A-11D0-8D11-00A0C91BC942}") = "2_2", "2_2\2_2.vcxproj", "{C077CC03-E9C2-4A24-992B-08020B6EB350}"
EndProject
Project("{8BC9CEB8-8B4A-11D0-8D11-00A0C91BC942}") = "2_3", "2_3\2_3.vcxproj", "{3C0F8D29-CF93-4D6D-AEC0-4D8E47588D30}"
EndProject
Project("{8BC9CEB8-8B4A-11D0-8D11-00A0C91BC942}") = "2_4", "2_4\2_4.vcxproj", "{99B813A6-7FC8-45B6-A6F3-71CF7BA57D9F}"
EndProject
Project("{8BC9CEB8-8B4A-11D0-8D11-00A0C91BC942}") = "2_5", "2_5\2_5.vcxproj", "{1F99CED3-8363-4091-A648-B77459C9FDF5}"
EndProject
Project("{8BC9CEB8-8B4A-11D0-8D11-00A0C91BC942}") = "2_6", "2_6\2_6.vcxproj", "{E7F35DF6-E38C-457E-A4F4-86DFFC9486BA}"
EndProject
Project("{8BC9CEB8-8B4A-11D0-8D11-00A0C91BC942}") = "2_7", "2_7\2_7.vcxproj", "{4311F03E-560F-4E84-9621-333F6C768A03}"
EndProject
Project("{8BC9CEB8-8B4A-11D0-8D11-00A0C91BC942}") = "2_8", "2_8\2_8.vcxproj", "{03448207-1965-40F4-A63B-78A2B9558E53}"
EndProject
Project("{8BC9CEB8-8B4A-11D0-8D11-00A0C91BC942}") = "2_9", "2_9\2_9.vcxproj", "{D52057EA-3220-4B1C-B4DB-7AE22032365C}"
EndProject
Project("{8BC9CEB8-8B4A-11D0-8D11-00A0C91BC942}") = "2_10", "2_10\2_10.vcxproj", "{B461AB51-6218-4AAF-B355-BF9097B7BCDD}"
EndProject
Project("{8BC9CEB8-8B4A-11D0-8D11-00A0C91BC942}") = "2_11", "2_11\2_11.vcxproj", "{ED579BFE-B068-4B09-9065-8850C2155A3C}"
EndProject
Project("{8BC9CEB8-8B4A-11D0-8D11-00A0C91BC942}") = "2_12", "2_12\2_12.vcxproj", "{AD72881E-F44A-441D-9558-4526337C7396}"
EndProject
Project("{8BC9CEB8-8B4A-11D0-8D11-00A0C91BC942}") = "2_13", "2_13\2_13.vcxproj", "{AD9E87E9-8861-4CA3-AE6E-D100B9D795CD}"
EndProject
Project("{8BC9CEB8-8B4A-11D0-8D11-00A0C91BC942}") = "2_14", "2_14\2_14.vcxproj", "{163BE515-1EBC-43ED-89C7-7F20D79FA44B}"
EndProject
Project("{8BC9CEB8-8B4A-11D0-8D11-00A0C91BC942}") = "2_15", "2_15\2_15.vcxproj", "{5A1E069A-148F-4356-B31D-C7527F3C9680}"
EndProject
Global
	GlobalSection(SolutionConfigurationPlatforms) = preSolution
		Debug|x64 = Debug|x64
		Debug|x86 = Debug|x86
		Release|x64 = Release|x64
		Release|x86 = Release|x86
	EndGlobalSection
	GlobalSection(ProjectConfigurationPlatforms) = postSolution
		{F9E4D3AE-0983-429D-A528-A662ECA42781}.Debug|x64.ActiveCfg = Debug|x64
		{F9E4D3AE-0983-429D-A528-A662ECA42781}.Debug|x64.Build.0 = Debug|x64
		{F9E4D3AE-0983-429D-A528-A662ECA42781}.Debug|x86.ActiveCfg = Debug|Win32
		{F9E4D3AE-0983-429D-A528-A662ECA42781}.Debug|x86.Build.0 = Debug|Win32
		{F9E4D3AE-0983-429D-A528-A662ECA42781}.Release|x64.ActiveCfg = Release|x64
		{F9E4D3AE-0983-429D-A528-A662ECA42781}.Release|x64.Build.0 = Release|x64
		{F9E4D3AE-0983-429D-A528-A662ECA42781}.Release|x86.ActiveCfg = Release|Win32
		{F9E4D3AE-0983-429D-A528-A662ECA42781}.Release|x86.Build.0 = Release|Win32
		{C077CC03-E9C2-4A24-992B-08020B6EB350}.Debug|x64.ActiveCfg = Debug|x64
		{C077CC03-E9C2-4A24-992B-08020B6EB350}.Debug|x64.Build.0 = Debug|x64
		{C077CC03-E9C2-4A24-992B-08020B6EB350}.Debug|x86.ActiveCfg = Debug|Win32
		{C077CC03-E9C2-4A24-992B-08020B6EB350}.Debug|x86.Build.0 = Debug|Win32
		{C077CC03-E9C2-4A24-992B-08020B6EB350}.Release|x64.ActiveCfg = Release|x64
		{C077CC03-E9C2-4A24-992B-08020B6EB350}.Release|x64.Build.0 = Release|x64
		{C077CC03-E9C2-4A24-992B-08020B6EB350}.Release|x86.ActiveCfg = Release|Win32
		{C077CC03-E9C2-4A24-992B-08020B6EB350}.Release|x86.Build.0 = Release|Win32
		{3C0F8D29-CF93-4D6D-AEC0-4D8E47588D30}.Debug|x64.ActiveCfg = Debug|x64
		{3C0F8D29-CF93-4D6D-AEC0-4D8E47588D30}.Debug|x64.Build.0 = Debug|x64
		{3C0F8D29-CF93-4D6D-AEC0-4D8E47588D30}.Debug|x86.ActiveCfg = Debug|Win32
		{3C0F8D29-CF93-4D6D-AEC0-4D8E47588D30}.Debug|x86.Build.0 = Debug|Win32
		{3C0F8D29-CF93-4D6D-AEC0-4D8E47588D30}.Release|x64.ActiveCfg = Release|x64
		{3C0F8D29-CF93-4D6D-AEC0-4D8E47588D30}.Release|x64.Build.0 = Release|x64
		{3C0F8D29-CF93-4D6D-AEC0-4D8E47588D30}.Release|x86.ActiveCfg = Release|Win32
		{3C0F8D29-CF93-4D6D-AEC0-4D8E47588D30}.Release|x86.Build.0 = Release|Win32
		{99B813A6-7FC8-45B6-A6F3-71CF7BA57D9F}.Debug|x64.ActiveCfg = Debug|x64
		{99B813A6-7FC8-45B6-A6F3-71CF7BA57D9F}.Debug|x64.Build.0 = Debug|x64
		{99B813A6-7FC8-45B6-A6F3-71CF7BA57D9F}.Debug|x86.ActiveCfg = Debug|Win32
		{99B813A6-7FC8-45B6-A6F3-71CF7BA57D9F}.Debug|x86.Build.0 = Debug|Win32
		{99B813A6-7FC8-45B6-A6F3-71CF7BA57D9F}.Release|x64.ActiveCfg = Release|x64
		{99B813A6-7FC8-45B6-A6F3-71CF7BA57D9F}.Release|x64.Build.0 = Release|x64
		{99B813A6-7FC8-45B6-A6F3-71CF7BA57D9F}.Release|x86.ActiveCfg = Release|Win32
		{99B813A6-7FC8-45B6-A6F3-71CF7BA57D9F}.Release|x86.Build.0 = Release|Win32
		{1F99CED3-8363-4091-A648-B77459C9FDF5}.Debug|x64.ActiveCfg = Debug|x64
		{1F99CED3-8363-4091-A648-B77459C9FDF5}.Debug|x64.Build.0 = Debug|x64
		{1F99CED3-8363-4091-A648-B77459C9FDF5}.Debug|x86.ActiveCfg = Debug|Win32
		{1F99CED3-8363-4091-A648-B77459C9FDF5}.Debug|x86.Build.0 = Debug|Win32
		{1F99CED3-8363-4091-A648-B77459C9FDF5}.Release|x64.ActiveCfg = Release|x64
		{1F99CED3-8363-4091-A648-B77459C9FDF5}.Release|x64.Build.0 = Release|x64
		{1F99CED3-8363-4091-A648-B77459C9FDF5}.Release|x86.ActiveCfg = Release|Win32
		{1F99CED3-8363-4091-A648-B77459C9FDF5}.Release|x86.Build.0 = Release|Win32
		{E7F35DF6-E38C-457E-A4F4-86DFFC9486BA}.Debug|x64.ActiveCfg = Debug|x64
		{E7F35DF6-E38C-457E-A4F4-86DFFC9486BA}.Debug|x64.Build.0 = Debug|x64
		{E7F35DF6-E38C-457E-A4F4-86DFFC9486BA}.Debug|x86.ActiveCfg = Debug|Win32
		{E7F35DF6-E38C-457E-A4F4-86DFFC9486BA}.Debug|x86.Build.0 = Debug|Win32
		{E7F35DF6-E38C-457E-A4F4-86DFFC9486BA}.Release|x64.ActiveCfg = Release|x64
		{E7F35DF6-E38C-457E-A4F4-86DFFC9486BA}.Release|x64.Build.0 = Release|x64
		{E7F35DF6-E38C-457E-A4F4-86DFFC9486BA}.Release|x86.ActiveCfg = Release|Win32
		{E7F35DF6-E38C-457E-A4F4-86DFFC9486BA}.Release|x86.Build.0 = Release|Win32
		{4311F03E-560F-4E84-9621-333F6C768A03}.Debug|x64.ActiveCfg = Debug|x64
		{4311F03E-560F-4E84-9621-333F6C768A03}.Debug|x64.Build.0 = Debug|x64
		{4311F03E-560F-4E84-9621-333F6C768A03}.Debug|x86.ActiveCfg = Debug|Win32
		{4311F03E-560F-4E84-9621-333F6C768A03}.Debug|x86.Build.0 = Debug|Win32
		{4311F03E-560F-4E84-9621-333F6C768A03}.Release|x64.ActiveCfg = Release|x64
		{4311F03E-560F-4E84-9621-333F6C768A03}.Release|x64.Build.0 = Release|x64
		{4311F03E-560F-4E84-9621-333F6C768A03}.Release|x86.ActiveCfg = Release|Win32
		{4311F03E-560F-4E84-9621-333F6C768A03}.Release|x86.Build.0 = Release|Win32
		{03448207-1965-40F4-A63B-78A2B9558E53}.Debug|x64.ActiveCfg = Debug|x64
		{03448207-1965-40F4-A63B-78A2B9558E53}.Debug|x64.Build.0 = Debug|x64
		{03448207-1965-40F4-A63B-78A2B9558E53}.Debug|x86.ActiveCfg = Debug|Win32
		{03448207-1965-40F4-A63B-78A2B9558E53}.Debug|x86.Build.0 = Debug|Win32
		{03448207-1965-40F4-A63B-78A2B9558E53}.Release|x64.ActiveCfg = Release|x64
		{03448207-1965-40F4-A63B-78A2B9558E53}.Release|x64.Build.0 = Release|x64
		{03448207-1965-40F4-A63B-78A2B9558E53}.Release|x86.ActiveCfg = Release|Win32
		{03448207-1965-40F4-A63B-78A2B9558E53}.Release|x86.Build.0 = Release|Win32
		{D52057EA-3220-4B1C-B4DB-7AE22032365C}.Debug|x64.ActiveCfg = Debug|x64
		{D52057EA-3220-4B1C-B4DB-7AE22032365C}.Debug|x64.Build.0 = Debug|x64
		{D52057EA-3220-4B1C-B4DB-7AE22032365C}.Debug|x86.ActiveCfg = Debug|Win32
		{D52057EA-3220-4B1C-B4DB-7AE22032365C}.Debug|x86.Build.0 = Debug|Win32
		{D52057EA-3220-4B1C-B4DB-7AE22032365C}.Release|x64.ActiveCfg = Release|x64
		{D52057EA-3220-4B1C-B4DB-7AE22032365C}.Release|x64.Build.0 = Release|x64
		{D52057EA-3220-4B1C-B4DB-7AE22032365C}.Release|x86.ActiveCfg = Release|Win32
		{D52057EA-3220-4B1C-B4DB-7AE22032365C}.Release|x86.Build.0 = Release|Win32
		{B461AB51-6218-4AAF-B355-BF9097B7BCDD}.Debug|x64.ActiveCfg = Debug|x64
		{B461AB51-6218-4AAF-B355-BF9097B7BCDD}.Debug|x64.Build.0 = Debug|x64
		{B461AB51-6218-4AAF-B355-BF9097B7BCDD}.Debug|x86.ActiveCfg = Debug|Win32
		{B461AB51-6218-4AAF-B355-BF9097B7BCDD}.Debug|x86.Build.0 = Debug|Win32
		{B461AB51-6218-4AAF-B355-BF9097B7BCDD}.Release|x64.ActiveCfg = Release|x64
		{B461AB51-6218-4AAF-B355-BF9097B7BCDD}.Release|x64.Build.0 = Release|x64
		{B461AB51-6218-4AAF-B355-BF9097B7BCDD}.Release|x86.ActiveCfg = Release|Win32
		{B461AB51-6218-4AAF-B355-BF9097B7BCDD}.Release|x86.Build.0 = Release|Win32
		{ED579BFE-B068-4B09-9065-8850C2155A3C}.Debug|x64.ActiveCfg = Debug|x64
		{ED579BFE-B068-4B09-9065-8850C2155A3C}.Debug|x64.Build.0 = Debug|x64
		{ED579BFE-B068-4B09-9065-8850C2155A3C}.Debug|x86.ActiveCfg = Debug|Win32
		{ED579BFE-B068-4B09-9065-8850C2155A3C}.Debug|x86.Build.0 = Debug|Win32
		{ED579BFE-B068-4B09-9065-8850C2155A3C}.Release|x64.ActiveCfg = Release|x64
		{ED579BFE-B068-4B09-9065-8850C2155A3C}.Release|x64.Build.0 = Release|x64
		{ED579BFE-B068-4B09-9065-8850C2155A3C}.Release|x86.ActiveCfg = Release|Win32
		{ED579BFE-B068-4B09-9065-8850C2155A3C}.Release|x86.Build.0 = Release|Win32
		{AD72881E-F44A-441D-9558-4526337C7396}.Debug|x64.ActiveCfg = Debug|x64
		{AD72881E-F44A-441D-9558-4526337C7396}.Debug|x64.Build.0 = Debug|x64
		{AD72881E-F44A-441D-9558-4526337C7396}.Debug|x86.ActiveCfg = Debug|Win32
		{AD72881E-F44A-441D-9558-4526337C7396}.Debug|x86.Build.0 = Debug|Win32
		{AD72881E-F44A-441D-9558-4526337C7396}.Release|x64.ActiveCfg = Release|x64
		{AD72881E-F44A-441D-9558-4526337C7396}.Release|x64.Build.0 = Release|x64
		{AD72881E-F44A-441D-9558-4526337C7396}.Release|x86.ActiveCfg = Release|Win32
		{AD72881E-F44A-441D-9558-4526337C7396}.Release|x86.Build.0 = Release|Win32
		{AD9E87E9-8861-4CA3-AE6E-D100B9D795CD}.Debug|x64.ActiveCfg = Debug|x64
		{AD9E87E9-8861-4CA3-AE6E-D100B9D795CD}.Debug|x64.Build.0 = Debug|x64
		{AD9E87E9-8861-4CA3-AE6E-D100B9D795CD}.Debug|x86.ActiveCfg = Debug|Win32
		{AD9E87E9-8861-4CA3-AE6E-D100B9D795CD}.Debug|x86.Build.0 = Debug|Win32
		{AD9E87E9-8861-4CA3-AE6E-D100B9D795CD}.Release|x64.ActiveCfg = Release|x64
		{AD9E87E9-8861-4CA3-AE6E-D100B9D795CD}.Release|x64.Build.0 = Release|x64
		{AD9E87E9-8861-4CA3-AE6E-D100B9D795CD}.Release|x86.ActiveCfg = Release|Win32
		{AD9E87E9-8861-4CA3-AE6E-D100B9D795CD}.Release|x86.Build.0 = Release|Win32
		{163BE515-1EBC-43ED-89C7-7F20D79FA44B}.Debug|x64.ActiveCfg = Debug|x64
		{163BE515-1EBC-43ED-89C7-7F20D79FA44B}.Debug|x64.Build.0 = Debug|x64
		{163BE515-1EBC-43ED-89C7-7F20D79FA44B}.Debug|x86.ActiveCfg = Debug|Win32
		{163BE515-1EBC-43ED-89C7-7F20D79FA44B}.Debug|x86.Build.0 = Debug|Win32
		{163BE515-1EBC-43ED-89C7-7F20D79FA44B}.Release|x64.ActiveCfg = Release|x64
		{163BE515-1EBC-43ED-89C7-7F20D79FA44B}.Release|x64.Build.0 = Release|x64
		{163BE515-1EBC-43ED-89C7-7F20D79FA44B}.Release|x86.ActiveCfg = Release|Win32
		{163BE515-1EBC-43ED-89C7-7F20D79FA44B}.Release|x86.Build.0 = Release|Win32
		{5A1E069A-148F-4356-B31D-C7527F3C9680}.Debug|x64.ActiveCfg = Debug|x64
		{5A1E069A-148F-4356-B31D-C7527F3C9680}.Debug|x64.Build.0 = Debug|x64
		{5A1E069A-148F-4356-B31D-C7527F3C9680}.Debug|x86.ActiveCfg = Debug|Win32
		{5A1E069A-148F-4356-B31D-C7527F3C9680}.Debug|x86.Build.0 = Debug|Win32
		{5A1E069A-148F-4356-B31D-C7527F3C9680}.Release|x64.ActiveCfg = Release|x64
		{5A1E069A-148F-4356-B31D-C7527F3C9680}.Release|x64.Build.0 = Release|x64
		{5A1E069A-148F-4356-B31D-C7527F3C9680}.Release|x86.ActiveCfg = Release|Win32
		{5A1E069A-148F-4356-B31D-C7527F3C9680}.Release|x86.Build.0 = Release|Win32
	EndGlobalSection
	GlobalSection(SolutionProperties) = preSolution
		HideSolutionNode = FALSE
	EndGlobalSection
EndGlobal
